
Microsoft Visual Studio Solution File, Format Version 12.00
# Visual Studio Version 16
VisualStudioVersion = 16.0.31613.86
MinimumVisualStudioVersion = 10.0.40219.1
Project("{FAE04EC0-301F-11D3-BF4B-00C04F79EFBC}") = "AzureFunctions.Common", "AzureFunctions.Common\AzureFunctions.Common.csproj", "{66E8E663-52DC-4E51-B9FB-7FD410A3BD92}"
EndProject
Project("{FAE04EC0-301F-11D3-BF4B-00C04F79EFBC}") = "AzureFunctions.Functions", "AzureFunctions.Functions\AzureFunctions.Functions.csproj", "{554EB83A-3567-40CF-A802-AF4048DBBD88}"
EndProject
Project("{FAE04EC0-301F-11D3-BF4B-00C04F79EFBC}") = "AzureFunctions.Test", "AzureFunctions.Test\AzureFunctions.Test.csproj", "{270793F0-75FB-46F0-AEAC-E9AEE36AA681}"
EndProject
Global
	GlobalSection(SolutionConfigurationPlatforms) = preSolution
		Debug|Any CPU = Debug|Any CPU
		Release|Any CPU = Release|Any CPU
	EndGlobalSection
	GlobalSection(ProjectConfigurationPlatforms) = postSolution
		{66E8E663-52DC-4E51-B9FB-7FD410A3BD92}.Debug|Any CPU.ActiveCfg = Debug|Any CPU
		{66E8E663-52DC-4E51-B9FB-7FD410A3BD92}.Debug|Any CPU.Build.0 = Debug|Any CPU
		{66E8E663-52DC-4E51-B9FB-7FD410A3BD92}.Release|Any CPU.ActiveCfg = Release|Any CPU
		{66E8E663-52DC-4E51-B9FB-7FD410A3BD92}.Release|Any CPU.Build.0 = Release|Any CPU
		{554EB83A-3567-40CF-A802-AF4048DBBD88}.Debug|Any CPU.ActiveCfg = Debug|Any CPU
		{554EB83A-3567-40CF-A802-AF4048DBBD88}.Debug|Any CPU.Build.0 = Debug|Any CPU
		{554EB83A-3567-40CF-A802-AF4048DBBD88}.Release|Any CPU.ActiveCfg = Release|Any CPU
		{554EB83A-3567-40CF-A802-AF4048DBBD88}.Release|Any CPU.Build.0 = Release|Any CPU
		{270793F0-75FB-46F0-AEAC-E9AEE36AA681}.Debug|Any CPU.ActiveCfg = Debug|Any CPU
		{270793F0-75FB-46F0-AEAC-E9AEE36AA681}.Debug|Any CPU.Build.0 = Debug|Any CPU
		{270793F0-75FB-46F0-AEAC-E9AEE36AA681}.Release|Any CPU.ActiveCfg = Release|Any CPU
		{270793F0-75FB-46F0-AEAC-E9AEE36AA681}.Release|Any CPU.Build.0 = Release|Any CPU
	EndGlobalSection
	GlobalSection(SolutionProperties) = preSolution
		HideSolutionNode = FALSE
	EndGlobalSection
	GlobalSection(ExtensibilityGlobals) = postSolution
		SolutionGuid = {F07F86D9-C9D0-4CED-918C-7E4B97E4FB26}
	EndGlobalSection
EndGlobal
